
Microsoft Visual Studio Solution File, Format Version 12.00
# Visual Studio 15
VisualStudioVersion = 15.0.28307.757
MinimumVisualStudioVersion = 10.0.40219.1
Project("{FAE04EC0-301F-11D3-BF4B-00C04F79EFBC}") = "WebApplication1", "WebApplication1\WebApplication1.csproj", "{EF79AF1B-9C4B-4295-84E0-CC84511D6F50}"
EndProject
Global
	GlobalSection(SolutionConfigurationPlatforms) = preSolution
		Debug|Any CPU = Debug|Any CPU
		Release|Any CPU = Release|Any CPU
	EndGlobalSection
	GlobalSection(ProjectConfigurationPlatforms) = postSolution
		{EF79AF1B-9C4B-4295-84E0-CC84511D6F50}.Debug|Any CPU.ActiveCfg = Debug|Any CPU
		{EF79AF1B-9C4B-4295-84E0-CC84511D6F50}.Debug|Any CPU.Build.0 = Debug|Any CPU
		{EF79AF1B-9C4B-4295-84E0-CC84511D6F50}.Release|Any CPU.ActiveCfg = Release|Any CPU
		{EF79AF1B-9C4B-4295-84E0-CC84511D6F50}.Release|Any CPU.Build.0 = Release|Any CPU
	EndGlobalSection
	GlobalSection(SolutionProperties) = preSolution
		HideSolutionNode = FALSE
	EndGlobalSection
	GlobalSection(ExtensibilityGlobals) = postSolution
		SolutionGuid = {EF8DE6C9-F307-44B6-BE27-865D21C3AA78}
	EndGlobalSection
EndGlobal
